
Microsoft Visual Studio Solution File, Format Version 12.00
# Visual Studio Version 16
VisualStudioVersion = 16.0.31005.135
MinimumVisualStudioVersion = 10.0.40219.1
Project("{9A19103F-16F7-4668-BE54-9A1E7A4F7556}") = "MyLibraryStore", "Library_Management_system\MyLibraryStore.csproj", "{F67F26F8-A173-487B-BF3F-DEA99CE0BD07}"
EndProject
Global
	GlobalSection(SolutionConfigurationPlatforms) = preSolution
		Debug|Any CPU = Debug|Any CPU
		Release|Any CPU = Release|Any CPU
	EndGlobalSection
	GlobalSection(ProjectConfigurationPlatforms) = postSolution
		{F67F26F8-A173-487B-BF3F-DEA99CE0BD07}.Debug|Any CPU.ActiveCfg = Debug|Any CPU
		{F67F26F8-A173-487B-BF3F-DEA99CE0BD07}.Debug|Any CPU.Build.0 = Debug|Any CPU
		{F67F26F8-A173-487B-BF3F-DEA99CE0BD07}.Release|Any CPU.ActiveCfg = Release|Any CPU
		{F67F26F8-A173-487B-BF3F-DEA99CE0BD07}.Release|Any CPU.Build.0 = Release|Any CPU
	EndGlobalSection
	GlobalSection(SolutionProperties) = preSolution
		HideSolutionNode = FALSE
	EndGlobalSection
	GlobalSection(ExtensibilityGlobals) = postSolution
		SolutionGuid = {159B94DC-D4F5-403F-9360-50017D15B7D0}
	EndGlobalSection
EndGlobal
